{
  "name": "zhongdamaopu",
  "lockfileVersion": 2,
  "requires": true,
  "packages": {
    "": {
      "name": "zhongdamaopu",
      "dependencies": {
        "miniprogram-sm-crypto": "^0.3.6",
        "sha256": "^0.2.0"
      },
      "devDependencies": {
        "@types/sha256": "^0.2.0"
      }
    },
    "node_modules/@types/node": {
      "version": "16.11.12",
      "resolved": "https://registry.npmjs.org/@types/node/-/node-16.11.12.tgz",
      "integrity": "sha512-+2Iggwg7PxoO5Kyhvsq9VarmPbIelXP070HMImEpbtGCoyWNINQj4wzjbQCXzdHTRXnqufutJb5KAURZANNBAw==",
      "dev": true
    },
    "node_modules/@types/sha256": {
      "version": "0.2.0",
      "resolved": "https://registry.npmjs.org/@types/sha256/-/sha256-0.2.0.tgz",
      "integrity": "sha512-QYMr6HuxTQunFWRLZpGopbkgQFoFWOmKTBGgNSYiWMqU/CWnQSTo3edyHvgsRXsOWtOSOG/cmDptPzgCeOsQGw==",
      "dev": true,
      "dependencies": {
        "@types/node": "*"
      }
    },
    "node_modules/convert-hex": {
      "version": "0.1.0",
      "resolved": "https://registry.npmjs.org/convert-hex/-/convert-hex-0.1.0.tgz",
      "integrity": "sha1-CMBFaJIsJ3drii6BqV05M2LqC2U="
    },
    "node_modules/convert-string": {
      "version": "0.1.0",
      "resolved": "https://registry.npmjs.org/convert-string/-/convert-string-0.1.0.tgz",
      "integrity": "sha1-ec5BqbsNA7z3LNxqjzxW+7xkQQo="
    },
    "node_modules/jsbn": {
      "version": "1.1.0",
      "resolved": "https://registry.npmjs.org/jsbn/-/jsbn-1.1.0.tgz",
      "integrity": "sha1-sBMHyym2GKHtJux56RH4A8TaAEA="
    },
    "node_modules/miniprogram-sm-crypto": {
      "version": "0.3.6",
      "resolved": "https://registry.npmjs.org/miniprogram-sm-crypto/-/miniprogram-sm-crypto-0.3.6.tgz",
      "integrity": "sha512-WrR0Opqhc5vNxM/LtlAwSKzfBpf2/rrdKAgHfIHGWBILIByNGQJ0IZl6Q4zUm4+qpFinkwr8CHctRVsenD5ZFg==",
      "dependencies": {
        "jsbn": "^1.1.0"
      }
    },
    "node_modules/sha256": {
      "version": "0.2.0",
      "resolved": "https://registry.npmjs.org/sha256/-/sha256-0.2.0.tgz",
      "integrity": "sha1-c6C0GNqrcDW/+G6EkeNjQS/CqwU=",
      "dependencies": {
        "convert-hex": "~0.1.0",
        "convert-string": "~0.1.0"
      }
    }
  },
  "dependencies": {
    "@types/node": {
      "version": "16.11.12",
      "resolved": "https://registry.npmjs.org/@types/node/-/node-16.11.12.tgz",
      "integrity": "sha512-+2Iggwg7PxoO5Kyhvsq9VarmPbIelXP070HMImEpbtGCoyWNINQj4wzjbQCXzdHTRXnqufutJb5KAURZANNBAw==",
      "dev": true
    },
    "@types/sha256": {
      "version": "0.2.0",
      "resolved": "https://registry.npmjs.org/@types/sha256/-/sha256-0.2.0.tgz",
      "integrity": "sha512-QYMr6HuxTQunFWRLZpGopbkgQFoFWOmKTBGgNSYiWMqU/CWnQSTo3edyHvgsRXsOWtOSOG/cmDptPzgCeOsQGw==",
      "dev": true,
      "requires": {
        "@types/node": "*"
      }
    },
    "convert-hex": {
      "version": "0.1.0",
      "resolved": "https://registry.npmjs.org/convert-hex/-/convert-hex-0.1.0.tgz",
      "integrity": "sha1-CMBFaJIsJ3drii6BqV05M2LqC2U="
    },
    "convert-string": {
      "version": "0.1.0",
      "resolved": "https://registry.npmjs.org/convert-string/-/convert-string-0.1.0.tgz",
      "integrity": "sha1-ec5BqbsNA7z3LNxqjzxW+7xkQQo="
    },
    "jsbn": {
      "version": "1.1.0",
      "resolved": "https://registry.npmjs.org/jsbn/-/jsbn-1.1.0.tgz",
      "integrity": "sha1-sBMHyym2GKHtJux56RH4A8TaAEA="
    },
    "miniprogram-sm-crypto": {
      "version": "0.3.6",
      "resolved": "https://registry.npmjs.org/miniprogram-sm-crypto/-/miniprogram-sm-crypto-0.3.6.tgz",
      "integrity": "sha512-WrR0Opqhc5vNxM/LtlAwSKzfBpf2/rrdKAgHfIHGWBILIByNGQJ0IZl6Q4zUm4+qpFinkwr8CHctRVsenD5ZFg==",
      "requires": {
        "jsbn": "^1.1.0"
      }
    },
    "sha256": {
      "version": "0.2.0",
      "resolved": "https://registry.npmjs.org/sha256/-/sha256-0.2.0.tgz",
      "integrity": "sha1-c6C0GNqrcDW/+G6EkeNjQS/CqwU=",
      "requires": {
        "convert-hex": "~0.1.0",
        "convert-string": "~0.1.0"
      }
    }
  }
}
